// !$*UTF8*$!
{
	archiveVersion = 1;
	classes = {
	};
	objectVersion = 56;
	objects = {

/* Begin PBXBuildFile section */
		3D44F2E72B39B6DB00714341 /* BolterGeist_v0_4App.swift in Sources */ = {isa = PBXBuildFile; fileRef = 3D44F2E62B39B6DB00714341 /* BolterGeist_v0_4App.swift */; };
		3D44F2E92B39B6DB00714341 /* ContentView.swift in Sources */ = {isa = PBXBuildFile; fileRef = 3D44F2E82B39B6DB00714341 /* ContentView.swift */; };
		3D44F2EB2B39B6DD00714341 /* Assets.xcassets in Resources */ = {isa = PBXBuildFile; fileRef = 3D44F2EA2B39B6DD00714341 /* Assets.xcassets */; };
		3D44F2EE2B39B6DD00714341 /* Preview Assets.xcassets in Resources */ = {isa = PBXBuildFile; fileRef = 3D44F2ED2B39B6DD00714341 /* Preview Assets.xcassets */; };
		3DB487562B39BE220057628C /* GlobalData.swift in Sources */ = {isa = PBXBuildFile; fileRef = 3DB487552B39BE220057628C /* GlobalData.swift */; };
		3DB487592B39BE520057628C /* SharedData.swift in Sources */ = {isa = PBXBuildFile; fileRef = 3DB487582B39BE520057628C /* SharedData.swift */; };
		3DB4875C2B39BE8C0057628C /* About.swift in Sources */ = {isa = PBXBuildFile; fileRef = 3DB4875B2B39BE8C0057628C /* About.swift */; };
		3DB4875E2B39BEA30057628C /* BolterGeistIntuo.swift in Sources */ = {isa = PBXBuildFile; fileRef = 3DB4875D2B39BEA30057628C /* BolterGeistIntuo.swift */; };
		3DB487602B39BEBD0057628C /* BolterGeistPRO.swift in Sources */ = {isa = PBXBuildFile; fileRef = 3DB4875F2B39BEBD0057628C /* BolterGeistPRO.swift */; };
		3DB487622B39BEDC0057628C /* Help.swift in Sources */ = {isa = PBXBuildFile; fileRef = 3DB487612B39BEDC0057628C /* Help.swift */; };
		3DB487642B39BEF40057628C /* Settings.swift in Sources */ = {isa = PBXBuildFile; fileRef = 3DB487632B39BEF40057628C /* Settings.swift */; };
		3DB487672B39BF230057628C /* BoltView.swift in Sources */ = {isa = PBXBuildFile; fileRef = 3DB487662B39BF230057628C /* BoltView.swift */; };
		3DB487692B39BF430057628C /* ComponentList.swift in Sources */ = {isa = PBXBuildFile; fileRef = 3DB487682B39BF430057628C /* ComponentList.swift */; };
		3DB4876B2B39BF610057628C /* DrawingScale_Picker.swift in Sources */ = {isa = PBXBuildFile; fileRef = 3DB4876A2B39BF610057628C /* DrawingScale_Picker.swift */; };
		3DB4876D2B39BF7D0057628C /* GradationView.swift in Sources */ = {isa = PBXBuildFile; fileRef = 3DB4876C2B39BF7D0057628C /* GradationView.swift */; };
		3DB4876F2B39BF940057628C /* M_Picker.swift in Sources */ = {isa = PBXBuildFile; fileRef = 3DB4876E2B39BF940057628C /* M_Picker.swift */; };
		3DB487712B39BFB10057628C /* MaterialThickness.swift in Sources */ = {isa = PBXBuildFile; fileRef = 3DB487702B39BFB10057628C /* MaterialThickness.swift */; };
		3DB487732B39BFCA0057628C /* ResultView.swift in Sources */ = {isa = PBXBuildFile; fileRef = 3DB487722B39BFCA0057628C /* ResultView.swift */; };
		3DB487762B39BFED0057628C /* ThreadEntry.swift in Sources */ = {isa = PBXBuildFile; fileRef = 3DB487752B39BFED0057628C /* ThreadEntry.swift */; };
/* End PBXBuildFile section */

/* Begin PBXContainerItemProxy section */
		3D44F2F42B39B6DD00714341 /* PBXContainerItemProxy */ = {
			isa = PBXContainerItemProxy;
			containerPortal = 3D44F2DB2B39B6DB00714341 /* Project object */;
			proxyType = 1;
			remoteGlobalIDString = 3D44F2E22B39B6DB00714341;
			remoteInfo = "BolterGeist v0.4";
		};
		3D44F2FE2B39B6DD00714341 /* PBXContainerItemProxy */ = {
			isa = PBXContainerItemProxy;
			containerPortal = 3D44F2DB2B39B6DB00714341 /* Project object */;
			proxyType = 1;
			remoteGlobalIDString = 3D44F2E22B39B6DB00714341;
			remoteInfo = "BolterGeist v0.4";
		};
/* End PBXContainerItemProxy section */

/* Begin PBXFileReference section */
		3D44F2E32B39B6DB00714341 /* BolterGeist v0.4.app */ = {isa = PBXFileReference; explicitFileType = wrapper.application; includeInIndex = 0; path = "BolterGeist v0.4.app"; sourceTree = BUILT_PRODUCTS_DIR; };
		3D44F2E62B39B6DB00714341 /* BolterGeist_v0_4App.swift */ = {isa = PBXFileReference; lastKnownFileType = sourcecode.swift; path = BolterGeist_v0_4App.swift; sourceTree = "<group>"; };
		3D44F2E82B39B6DB00714341 /* ContentView.swift */ = {isa = PBXFileReference; lastKnownFileType = sourcecode.swift; path = ContentView.swift; sourceTree = "<group>"; xcLanguageSpecificationIdentifier = xcode.lang.swift; };
		3D44F2EA2B39B6DD00714341 /* Assets.xcassets */ = {isa = PBXFileReference; lastKnownFileType = folder.assetcatalog; path = Assets.xcassets; sourceTree = "<group>"; };
		3D44F2ED2B39B6DD00714341 /* Preview Assets.xcassets */ = {isa = PBXFileReference; lastKnownFileType = folder.assetcatalog; path = "Preview Assets.xcassets"; sourceTree = "<group>"; };
		3D44F2F32B39B6DD00714341 /* BolterGeist v0.4Tests.xctest */ = {isa = PBXFileReference; explicitFileType = wrapper.cfbundle; includeInIndex = 0; path = "BolterGeist v0.4Tests.xctest"; sourceTree = BUILT_PRODUCTS_DIR; };
		3D44F2FD2B39B6DD00714341 /* BolterGeist v0.4UITests.xctest */ = {isa = PBXFileReference; explicitFileType = wrapper.cfbundle; includeInIndex = 0; path = "BolterGeist v0.4UITests.xctest"; sourceTree = BUILT_PRODUCTS_DIR; };
		3D499F472EB10EDB006971A6 /* BolterGeist v0.4.entitlements */ = {isa = PBXFileReference; lastKnownFileType = text.plist.entitlements; path = "BolterGeist v0.4.entitlements"; sourceTree = "<group>"; };
		3DB487552B39BE220057628C /* GlobalData.swift */ = {isa = PBXFileReference; lastKnownFileType = sourcecode.swift; path = GlobalData.swift; sourceTree = "<group>"; };
		3DB487582B39BE520057628C /* SharedData.swift */ = {isa = PBXFileReference; lastKnownFileType = sourcecode.swift; path = SharedData.swift; sourceTree = "<group>"; };
		3DB4875B2B39BE8C0057628C /* About.swift */ = {isa = PBXFileReference; lastKnownFileType = sourcecode.swift; path = About.swift; sourceTree = "<group>"; };
		3DB4875D2B39BEA30057628C /* BolterGeistIntuo.swift */ = {isa = PBXFileReference; lastKnownFileType = sourcecode.swift; path = BolterGeistIntuo.swift; sourceTree = "<group>"; };
		3DB4875F2B39BEBD0057628C /* BolterGeistPRO.swift */ = {isa = PBXFileReference; lastKnownFileType = sourcecode.swift; path = BolterGeistPRO.swift; sourceTree = "<group>"; };
		3DB487612B39BEDC0057628C /* Help.swift */ = {isa = PBXFileReference; lastKnownFileType = sourcecode.swift; path = Help.swift; sourceTree = "<group>"; };
		3DB487632B39BEF40057628C /* Settings.swift */ = {isa = PBXFileReference; lastKnownFileType = sourcecode.swift; path = Settings.swift; sourceTree = "<group>"; };
		3DB487662B39BF230057628C /* BoltView.swift */ = {isa = PBXFileReference; lastKnownFileType = sourcecode.swift; path = BoltView.swift; sourceTree = "<group>"; };
		3DB487682B39BF430057628C /* ComponentList.swift */ = {isa = PBXFileReference; lastKnownFileType = sourcecode.swift; path = ComponentList.swift; sourceTree = "<group>"; };
		3DB4876A2B39BF610057628C /* DrawingScale_Picker.swift */ = {isa = PBXFileReference; lastKnownFileType = sourcecode.swift; path = DrawingScale_Picker.swift; sourceTree = "<group>"; };
		3DB4876C2B39BF7D0057628C /* GradationView.swift */ = {isa = PBXFileReference; lastKnownFileType = sourcecode.swift; path = GradationView.swift; sourceTree = "<group>"; };
		3DB4876E2B39BF940057628C /* M_Picker.swift */ = {isa = PBXFileReference; lastKnownFileType = sourcecode.swift; path = M_Picker.swift; sourceTree = "<group>"; };
		3DB487702B39BFB10057628C /* MaterialThickness.swift */ = {isa = PBXFileReference; lastKnownFileType = sourcecode.swift; path = MaterialThickness.swift; sourceTree = "<group>"; };
		3DB487722B39BFCA0057628C /* ResultView.swift */ = {isa = PBXFileReference; lastKnownFileType = sourcecode.swift; path = ResultView.swift; sourceTree = "<group>"; };
		3DB487752B39BFED0057628C /* ThreadEntry.swift */ = {isa = PBXFileReference; lastKnownFileType = sourcecode.swift; path = ThreadEntry.swift; sourceTree = "<group>"; };
/* End PBXFileReference section */

/* Begin PBXFrameworksBuildPhase section */
		3D44F2E02B39B6DB00714341 /* Frameworks */ = {
			isa = PBXFrameworksBuildPhase;
			buildActionMask = 2147483647;
			files = (
			);
			runOnlyForDeploymentPostprocessing = 0;
		};
		3D44F2F02B39B6DD00714341 /* Frameworks */ = {
			isa = PBXFrameworksBuildPhase;
			buildActionMask = 2147483647;
			files = (
			);
			runOnlyForDeploymentPostprocessing = 0;
		};
		3D44F2FA2B39B6DD00714341 /* Frameworks */ = {
			isa = PBXFrameworksBuildPhase;
			buildActionMask = 2147483647;
			files = (
			);
			runOnlyForDeploymentPostprocessing = 0;
		};
/* End PBXFrameworksBuildPhase section */

/* Begin PBXGroup section */
		3D44F2DA2B39B6DB00714341 = {
			isa = PBXGroup;
			children = (
				3D44F2E52B39B6DB00714341 /* BolterGeist v0.4 */,
				3D44F2E42B39B6DB00714341 /* Products */,
			);
			sourceTree = "<group>";
		};
		3D44F2E42B39B6DB00714341 /* Products */ = {
			isa = PBXGroup;
			children = (
				3D44F2E32B39B6DB00714341 /* BolterGeist v0.4.app */,
				3D44F2F32B39B6DD00714341 /* BolterGeist v0.4Tests.xctest */,
				3D44F2FD2B39B6DD00714341 /* BolterGeist v0.4UITests.xctest */,
			);
			name = Products;
			sourceTree = "<group>";
		};
		3D44F2E52B39B6DB00714341 /* BolterGeist v0.4 */ = {
			isa = PBXGroup;
			children = (
				3D499F472EB10EDB006971A6 /* BolterGeist v0.4.entitlements */,
				3DB487652B39BF0E0057628C /* Views */,
				3DB4875A2B39BE760057628C /* Navigation Links */,
				3DB487572B39BE3F0057628C /* Shared Data */,
				3DB487542B39BDDC0057628C /* Global Data */,
				3D44F2E62B39B6DB00714341 /* BolterGeist_v0_4App.swift */,
				3D44F2E82B39B6DB00714341 /* ContentView.swift */,
				3D44F2EA2B39B6DD00714341 /* Assets.xcassets */,
				3D44F2EC2B39B6DD00714341 /* Preview Content */,
			);
			path = "BolterGeist v0.4";
			sourceTree = "<group>";
		};
		3D44F2EC2B39B6DD00714341 /* Preview Content */ = {
			isa = PBXGroup;
			children = (
				3D44F2ED2B39B6DD00714341 /* Preview Assets.xcassets */,
			);
			path = "Preview Content";
			sourceTree = "<group>";
		};
		3DB487542B39BDDC0057628C /* Global Data */ = {
			isa = PBXGroup;
			children = (
				3DB487552B39BE220057628C /* GlobalData.swift */,
			);
			path = "Global Data";
			sourceTree = "<group>";
		};
		3DB487572B39BE3F0057628C /* Shared Data */ = {
			isa = PBXGroup;
			children = (
				3DB487582B39BE520057628C /* SharedData.swift */,
			);
			path = "Shared Data";
			sourceTree = "<group>";
		};
		3DB4875A2B39BE760057628C /* Navigation Links */ = {
			isa = PBXGroup;
			children = (
				3DB4875B2B39BE8C0057628C /* About.swift */,
				3DB4875D2B39BEA30057628C /* BolterGeistIntuo.swift */,
				3DB4875F2B39BEBD0057628C /* BolterGeistPRO.swift */,
				3DB487612B39BEDC0057628C /* Help.swift */,
				3DB487632B39BEF40057628C /* Settings.swift */,
			);
			path = "Navigation Links";
			sourceTree = "<group>";
		};
		3DB487652B39BF0E0057628C /* Views */ = {
			isa = PBXGroup;
			children = (
				3DB487662B39BF230057628C /* BoltView.swift */,
				3DB487682B39BF430057628C /* ComponentList.swift */,
				3DB4876A2B39BF610057628C /* DrawingScale_Picker.swift */,
				3DB4876C2B39BF7D0057628C /* GradationView.swift */,
				3DB4876E2B39BF940057628C /* M_Picker.swift */,
				3DB487702B39BFB10057628C /* MaterialThickness.swift */,
				3DB487722B39BFCA0057628C /* ResultView.swift */,
				3DB487752B39BFED0057628C /* ThreadEntry.swift */,
			);
			path = Views;
			sourceTree = "<group>";
		};
/* End PBXGroup section */

/* Begin PBXNativeTarget section */
		3D44F2E22B39B6DB00714341 /* BolterGeist v0.4 */ = {
			isa = PBXNativeTarget;
			buildConfigurationList = 3D44F3072B39B6DD00714341 /* Build configuration list for PBXNativeTarget "BolterGeist v0.4" */;
			buildPhases = (
				3D44F2DF2B39B6DB00714341 /* Sources */,
				3D44F2E02B39B6DB00714341 /* Frameworks */,
				3D44F2E12B39B6DB00714341 /* Resources */,
			);
			buildRules = (
			);
			dependencies = (
			);
			name = "BolterGeist v0.4";
			productName = "BolterGeist v0.4";
			productReference = 3D44F2E32B39B6DB00714341 /* BolterGeist v0.4.app */;
			productType = "com.apple.product-type.application";
		};
		3D44F2F22B39B6DD00714341 /* BolterGeist v0.4Tests */ = {
			isa = PBXNativeTarget;
			buildConfigurationList = 3D44F30A2B39B6DD00714341 /* Build configuration list for PBXNativeTarget "BolterGeist v0.4Tests" */;
			buildPhases = (
				3D44F2EF2B39B6DD00714341 /* Sources */,
				3D44F2F02B39B6DD00714341 /* Frameworks */,
				3D44F2F12B39B6DD00714341 /* Resources */,
			);
			buildRules = (
			);
			dependencies = (
				3D44F2F52B39B6DD00714341 /* PBXTargetDependency */,
			);
			name = "BolterGeist v0.4Tests";
			productName = "BolterGeist v0.4Tests";
			productReference = 3D44F2F32B39B6DD00714341 /* BolterGeist v0.4Tests.xctest */;
			productType = "com.apple.product-type.bundle.unit-test";
		};
		3D44F2FC2B39B6DD00714341 /* BolterGeist v0.4UITests */ = {
			isa = PBXNativeTarget;
			buildConfigurationList = 3D44F30D2B39B6DD00714341 /* Build configuration list for PBXNativeTarget "BolterGeist v0.4UITests" */;
			buildPhases = (
				3D44F2F92B39B6DD00714341 /* Sources */,
				3D44F2FA2B39B6DD00714341 /* Frameworks */,
				3D44F2FB2B39B6DD00714341 /* Resources */,
			);
			buildRules = (
			);
			dependencies = (
				3D44F2FF2B39B6DD00714341 /* PBXTargetDependency */,
			);
			name = "BolterGeist v0.4UITests";
			productName = "BolterGeist v0.4UITests";
			productReference = 3D44F2FD2B39B6DD00714341 /* BolterGeist v0.4UITests.xctest */;
			productType = "com.apple.product-type.bundle.ui-testing";
		};
/* End PBXNativeTarget section */

/* Begin PBXProject section */
		3D44F2DB2B39B6DB00714341 /* Project object */ = {
			isa = PBXProject;
			attributes = {
				BuildIndependentTargetsInParallel = 1;
				LastSwiftUpdateCheck = 1500;
				LastUpgradeCheck = 1500;
				TargetAttributes = {
					3D44F2E22B39B6DB00714341 = {
						CreatedOnToolsVersion = 15.0.1;
					};
					3D44F2F22B39B6DD00714341 = {
						CreatedOnToolsVersion = 15.0.1;
						TestTargetID = 3D44F2E22B39B6DB00714341;
					};
					3D44F2FC2B39B6DD00714341 = {
						CreatedOnToolsVersion = 15.0.1;
						TestTargetID = 3D44F2E22B39B6DB00714341;
					};
				};
			};
			buildConfigurationList = 3D44F2DE2B39B6DB00714341 /* Build configuration list for PBXProject "BolterGeist v0.4" */;
			compatibilityVersion = "Xcode 14.0";
			developmentRegion = en;
			hasScannedForEncodings = 0;
			knownRegions = (
				en,
				Base,
			);
			mainGroup = 3D44F2DA2B39B6DB00714341;
			productRefGroup = 3D44F2E42B39B6DB00714341 /* Products */;
			projectDirPath = "";
			projectRoot = "";
			targets = (
				3D44F2E22B39B6DB00714341 /* BolterGeist v0.4 */,
				3D44F2F22B39B6DD00714341 /* BolterGeist v0.4Tests */,
				3D44F2FC2B39B6DD00714341 /* BolterGeist v0.4UITests */,
			);
		};
/* End PBXProject section */

/* Begin PBXResourcesBuildPhase section */
		3D44F2E12B39B6DB00714341 /* Resources */ = {
			isa = PBXResourcesBuildPhase;
			buildActionMask = 2147483647;
			files = (
				3D44F2EE2B39B6DD00714341 /* Preview Assets.xcassets in Resources */,
				3D44F2EB2B39B6DD00714341 /* Assets.xcassets in Resources */,
			);
			runOnlyForDeploymentPostprocessing = 0;
		};
		3D44F2F12B39B6DD00714341 /* Resources */ = {
			isa = PBXResourcesBuildPhase;
			buildActionMask = 2147483647;
			files = (
			);
			runOnlyForDeploymentPostprocessing = 0;
		};
		3D44F2FB2B39B6DD00714341 /* Resources */ = {
			isa = PBXResourcesBuildPhase;
			buildActionMask = 2147483647;
			files = (
			);
			runOnlyForDeploymentPostprocessing = 0;
		};
/* End PBXResourcesBuildPhase section */

/* Begin PBXSourcesBuildPhase section */
		3D44F2DF2B39B6DB00714341 /* Sources */ = {
			isa = PBXSourcesBuildPhase;
			buildActionMask = 2147483647;
			files = (
				3DB4875C2B39BE8C0057628C /* About.swift in Sources */,
				3DB487592B39BE520057628C /* SharedData.swift in Sources */,
				3DB487562B39BE220057628C /* GlobalData.swift in Sources */,
				3DB487762B39BFED0057628C /* ThreadEntry.swift in Sources */,
				3DB487672B39BF230057628C /* BoltView.swift in Sources */,
				3DB4876D2B39BF7D0057628C /* GradationView.swift in Sources */,
				3DB487732B39BFCA0057628C /* ResultView.swift in Sources */,
				3DB487712B39BFB10057628C /* MaterialThickness.swift in Sources */,
				3DB487692B39BF430057628C /* ComponentList.swift in Sources */,
				3DB4876B2B39BF610057628C /* DrawingScale_Picker.swift in Sources */,
				3DB4876F2B39BF940057628C /* M_Picker.swift in Sources */,
				3D44F2E92B39B6DB00714341 /* ContentView.swift in Sources */,
				3DB4875E2B39BEA30057628C /* BolterGeistIntuo.swift in Sources */,
				3DB487602B39BEBD0057628C /* BolterGeistPRO.swift in Sources */,
				3DB487642B39BEF40057628C /* Settings.swift in Sources */,
				3DB487622B39BEDC0057628C /* Help.swift in Sources */,
				3D44F2E72B39B6DB00714341 /* BolterGeist_v0_4App.swift in Sources */,
			);
			runOnlyForDeploymentPostprocessing = 0;
		};
		3D44F2EF2B39B6DD00714341 /* Sources */ = {
			isa = PBXSourcesBuildPhase;
			buildActionMask = 2147483647;
			files = (
			);
			runOnlyForDeploymentPostprocessing = 0;
		};
		3D44F2F92B39B6DD00714341 /* Sources */ = {
			isa = PBXSourcesBuildPhase;
			buildActionMask = 2147483647;
			files = (
			);
			runOnlyForDeploymentPostprocessing = 0;
		};
/* End PBXSourcesBuildPhase section */

/* Begin PBXTargetDependency section */
		3D44F2F52B39B6DD00714341 /* PBXTargetDependency */ = {
			isa = PBXTargetDependency;
			target = 3D44F2E22B39B6DB00714341 /* BolterGeist v0.4 */;
			targetProxy = 3D44F2F42B39B6DD00714341 /* PBXContainerItemProxy */;
		};
		3D44F2FF2B39B6DD00714341 /* PBXTargetDependency */ = {
			isa = PBXTargetDependency;
			target = 3D44F2E22B39B6DB00714341 /* BolterGeist v0.4 */;
			targetProxy = 3D44F2FE2B39B6DD00714341 /* PBXContainerItemProxy */;
		};
/* End PBXTargetDependency section */

/* Begin XCBuildConfiguration section */
		3D44F3052B39B6DD00714341 /* Debug */ = {
			isa = XCBuildConfiguration;
			buildSettings = {
				ALWAYS_SEARCH_USER_PATHS = NO;
				ASSETCATALOG_COMPILER_GENERATE_SWIFT_ASSET_SYMBOL_EXTENSIONS = YES;
				CLANG_ANALYZER_NONNULL = YES;
				CLANG_ANALYZER_NUMBER_OBJECT_CONVERSION = YES_AGGRESSIVE;
				CLANG_CXX_LANGUAGE_STANDARD = "gnu++20";
				CLANG_ENABLE_MODULES = YES;
				CLANG_ENABLE_OBJC_ARC = YES;
				CLANG_ENABLE_OBJC_WEAK = YES;
				CLANG_WARN_BLOCK_CAPTURE_AUTORELEASING = YES;
				CLANG_WARN_BOOL_CONVERSION = YES;
				CLANG_WARN_COMMA = YES;
				CLANG_WARN_CONSTANT_CONVERSION = YES;
				CLANG_WARN_DEPRECATED_OBJC_IMPLEMENTATIONS = YES;
				CLANG_WARN_DIRECT_OBJC_ISA_USAGE = YES_ERROR;
				CLANG_WARN_DOCUMENTATION_COMMENTS = YES;
				CLANG_WARN_EMPTY_BODY = YES;
				CLANG_WARN_ENUM_CONVERSION = YES;
				CLANG_WARN_INFINITE_RECURSION = YES;
				CLANG_WARN_INT_CONVERSION = YES;
				CLANG_WARN_NON_LITERAL_NULL_CONVERSION = YES;
				CLANG_WARN_OBJC_IMPLICIT_RETAIN_SELF = YES;
				CLANG_WARN_OBJC_LITERAL_CONVERSION = YES;
				CLANG_WARN_OBJC_ROOT_CLASS = YES_ERROR;
				CLANG_WARN_QUOTED_INCLUDE_IN_FRAMEWORK_HEADER = YES;
				CLANG_WARN_RANGE_LOOP_ANALYSIS = YES;
				CLANG_WARN_STRICT_PROTOTYPES = YES;
				CLANG_WARN_SUSPICIOUS_MOVE = YES;
				CLANG_WARN_UNGUARDED_AVAILABILITY = YES_AGGRESSIVE;
				CLANG_WARN_UNREACHABLE_CODE = YES;
				CLANG_WARN__DUPLICATE_METHOD_MATCH = YES;
				COPY_PHASE_STRIP = NO;
				DEBUG_INFORMATION_FORMAT = dwarf;
				ENABLE_STRICT_OBJC_MSGSEND = YES;
				ENABLE_TESTABILITY = YES;
				ENABLE_USER_SCRIPT_SANDBOXING = YES;
				GCC_C_LANGUAGE_STANDARD = gnu17;
				GCC_DYNAMIC_NO_PIC = NO;
				GCC_NO_COMMON_BLOCKS = YES;
				GCC_OPTIMIZATION_LEVEL = 0;
				GCC_PREPROCESSOR_DEFINITIONS = (
					"DEBUG=1",
					"$(inherited)",
				);
				GCC_WARN_64_TO_32_BIT_CONVERSION = YES;
				GCC_WARN_ABOUT_RETURN_TYPE = YES_ERROR;
				GCC_WARN_UNDECLARED_SELECTOR = YES;
				GCC_WARN_UNINITIALIZED_AUTOS = YES_AGGRESSIVE;
				GCC_WARN_UNUSED_FUNCTION = YES;
				GCC_WARN_UNUSED_VARIABLE = YES;
				IPHONEOS_DEPLOYMENT_TARGET = 17.0;
				LOCALIZATION_PREFERS_STRING_CATALOGS = YES;
				MTL_ENABLE_DEBUG_INFO = INCLUDE_SOURCE;
				MTL_FAST_MATH = YES;
				ONLY_ACTIVE_ARCH = YES;
				SDKROOT = iphoneos;
				SWIFT_ACTIVE_COMPILATION_CONDITIONS = "DEBUG $(inherited)";
				SWIFT_OPTIMIZATION_LEVEL = "-Onone";
			};
			name = Debug;
		};
		3D44F3062B39B6DD00714341 /* Release */ = {
			isa = XCBuildConfiguration;
			buildSettings = {
				ALWAYS_SEARCH_USER_PATHS = NO;
				ASSETCATALOG_COMPILER_GENERATE_SWIFT_ASSET_SYMBOL_EXTENSIONS = YES;
				CLANG_ANALYZER_NONNULL = YES;
				CLANG_ANALYZER_NUMBER_OBJECT_CONVERSION = YES_AGGRESSIVE;
				CLANG_CXX_LANGUAGE_STANDARD = "gnu++20";
				CLANG_ENABLE_MODULES = YES;
				CLANG_ENABLE_OBJC_ARC = YES;
				CLANG_ENABLE_OBJC_WEAK = YES;
				CLANG_WARN_BLOCK_CAPTURE_AUTORELEASING = YES;
				CLANG_WARN_BOOL_CONVERSION = YES;
				CLANG_WARN_COMMA = YES;
				CLANG_WARN_CONSTANT_CONVERSION = YES;
				CLANG_WARN_DEPRECATED_OBJC_IMPLEMENTATIONS = YES;
				CLANG_WARN_DIRECT_OBJC_ISA_USAGE = YES_ERROR;
				CLANG_WARN_DOCUMENTATION_COMMENTS = YES;
				CLANG_WARN_EMPTY_BODY = YES;
				CLANG_WARN_ENUM_CONVERSION = YES;
				CLANG_WARN_INFINITE_RECURSION = YES;
				CLANG_WARN_INT_CONVERSION = YES;
				CLANG_WARN_NON_LITERAL_NULL_CONVERSION = YES;
				CLANG_WARN_OBJC_IMPLICIT_RETAIN_SELF = YES;
				CLANG_WARN_OBJC_LITERAL_CONVERSION = YES;
				CLANG_WARN_OBJC_ROOT_CLASS = YES_ERROR;
				CLANG_WARN_QUOTED_INCLUDE_IN_FRAMEWORK_HEADER = YES;
				CLANG_WARN_RANGE_LOOP_ANALYSIS = YES;
				CLANG_WARN_STRICT_PROTOTYPES = YES;
				CLANG_WARN_SUSPICIOUS_MOVE = YES;
				CLANG_WARN_UNGUARDED_AVAILABILITY = YES_AGGRESSIVE;
				CLANG_WARN_UNREACHABLE_CODE = YES;
				CLANG_WARN__DUPLICATE_METHOD_MATCH = YES;
				COPY_PHASE_STRIP = NO;
				DEBUG_INFORMATION_FORMAT = "dwarf-with-dsym";
				ENABLE_NS_ASSERTIONS = NO;
				ENABLE_STRICT_OBJC_MSGSEND = YES;
				ENABLE_USER_SCRIPT_SANDBOXING = YES;
				GCC_C_LANGUAGE_STANDARD = gnu17;
				GCC_NO_COMMON_BLOCKS = YES;
				GCC_WARN_64_TO_32_BIT_CONVERSION = YES;
				GCC_WARN_ABOUT_RETURN_TYPE = YES_ERROR;
				GCC_WARN_UNDECLARED_SELECTOR = YES;
				GCC_WARN_UNINITIALIZED_AUTOS = YES_AGGRESSIVE;
				GCC_WARN_UNUSED_FUNCTION = YES;
				GCC_WARN_UNUSED_VARIABLE = YES;
				IPHONEOS_DEPLOYMENT_TARGET = 17.0;
				LOCALIZATION_PREFERS_STRING_CATALOGS = YES;
				MTL_ENABLE_DEBUG_INFO = NO;
				MTL_FAST_MATH = YES;
				SDKROOT = iphoneos;
				SWIFT_COMPILATION_MODE = wholemodule;
				VALIDATE_PRODUCT = YES;
			};
			name = Release;
		};
		3D44F3082B39B6DD00714341 /* Debug */ = {
			isa = XCBuildConfiguration;
			buildSettings = {
				ASSETCATALOG_COMPILER_APPICON_NAME = AppIcon;
				ASSETCATALOG_COMPILER_GLOBAL_ACCENT_COLOR_NAME = AccentColor;
				CODE_SIGN_ENTITLEMENTS = "BolterGeist v0.4/BolterGeist v0.4.entitlements";
				CODE_SIGN_IDENTITY = "Apple Development";
				CODE_SIGN_STYLE = Automatic;
				CURRENT_PROJECT_VERSION = 1;
				DEVELOPMENT_ASSET_PATHS = "\"BolterGeist v0.4/Preview Content\"";
				DEVELOPMENT_TEAM = S3BW3H9PM4;
				ENABLE_PREVIEWS = YES;
				GENERATE_INFOPLIST_FILE = YES;
				INFOPLIST_KEY_UIApplicationSceneManifest_Generation = YES;
				INFOPLIST_KEY_UIApplicationSupportsIndirectInputEvents = YES;
				INFOPLIST_KEY_UILaunchScreen_Generation = YES;
				INFOPLIST_KEY_UISupportedInterfaceOrientations_iPad = "UIInterfaceOrientationPortrait UIInterfaceOrientationPortraitUpsideDown UIInterfaceOrientationLandscapeLeft UIInterfaceOrientationLandscapeRight";
				INFOPLIST_KEY_UISupportedInterfaceOrientations_iPhone = "UIInterfaceOrientationPortrait UIInterfaceOrientationLandscapeLeft UIInterfaceOrientationLandscapeRight";
				LD_RUNPATH_SEARCH_PATHS = (
					"$(inherited)",
					"@executable_path/Frameworks",
				);
				MARKETING_VERSION = 1.0;
				PRODUCT_BUNDLE_IDENTIFIER = "MignonWorks.BolterGeist-v0-4";
				PRODUCT_NAME = "$(TARGET_NAME)";
				PROVISIONING_PROFILE_SPECIFIER = "";
				SWIFT_EMIT_LOC_STRINGS = YES;
				SWIFT_VERSION = 5.0;
				TARGETED_DEVICE_FAMILY = "1,2";
			};
			name = Debug;
		};
		3D44F3092B39B6DD00714341 /* Release */ = {
			isa = XCBuildConfiguration;
			buildSettings = {
				ASSETCATALOG_COMPILER_APPICON_NAME = AppIcon;
				ASSETCATALOG_COMPILER_GLOBAL_ACCENT_COLOR_NAME = AccentColor;
				CODE_SIGN_ENTITLEMENTS = "BolterGeist v0.4/BolterGeist v0.4.entitlements";
				CODE_SIGN_IDENTITY = "Apple Development";
				CODE_SIGN_STYLE = Automatic;
				CURRENT_PROJECT_VERSION = 1;
				DEVELOPMENT_ASSET_PATHS = "\"BolterGeist v0.4/Preview Content\"";
				DEVELOPMENT_TEAM = S3BW3H9PM4;
				ENABLE_PREVIEWS = YES;
				GENERATE_INFOPLIST_FILE = YES;
				INFOPLIST_KEY_UIApplicationSceneManifest_Generation = YES;
				INFOPLIST_KEY_UIApplicationSupportsIndirectInputEvents = YES;
				INFOPLIST_KEY_UILaunchScreen_Generation = YES;
				INFOPLIST_KEY_UISupportedInterfaceOrientations_iPad = "UIInterfaceOrientationPortrait UIInterfaceOrientationPortraitUpsideDown UIInterfaceOrientationLandscapeLeft UIInterfaceOrientationLandscapeRight";
				INFOPLIST_KEY_UISupportedInterfaceOrientations_iPhone = "UIInterfaceOrientationPortrait UIInterfaceOrientationLandscapeLeft UIInterfaceOrientationLandscapeRight";
				LD_RUNPATH_SEARCH_PATHS = (
					"$(inherited)",
					"@executable_path/Frameworks",
				);
				MARKETING_VERSION = 1.0;
				PRODUCT_BUNDLE_IDENTIFIER = "MignonWorks.BolterGeist-v0-4";
				PRODUCT_NAME = "$(TARGET_NAME)";
				PROVISIONING_PROFILE_SPECIFIER = "";
				SWIFT_EMIT_LOC_STRINGS = YES;
				SWIFT_VERSION = 5.0;
				TARGETED_DEVICE_FAMILY = "1,2";
			};
			name = Release;
		};
		3D44F30B2B39B6DD00714341 /* Debug */ = {
			isa = XCBuildConfiguration;
			buildSettings = {
				BUNDLE_LOADER = "$(TEST_HOST)";
				CODE_SIGN_STYLE = Automatic;
				CURRENT_PROJECT_VERSION = 1;
				GENERATE_INFOPLIST_FILE = YES;
				IPHONEOS_DEPLOYMENT_TARGET = 17.0;
				MARKETING_VERSION = 1.0;
				PRODUCT_BUNDLE_IDENTIFIER = "MignonWorks.BolterGeist-v0-4Tests";
				PRODUCT_NAME = "$(TARGET_NAME)";
				SWIFT_EMIT_LOC_STRINGS = NO;
				SWIFT_VERSION = 5.0;
				TARGETED_DEVICE_FAMILY = "1,2";
				TEST_HOST = "$(BUILT_PRODUCTS_DIR)/BolterGeist v0.4.app/$(BUNDLE_EXECUTABLE_FOLDER_PATH)/BolterGeist v0.4";
			};
			name = Debug;
		};
		3D44F30C2B39B6DD00714341 /* Release */ = {
			isa = XCBuildConfiguration;
			buildSettings = {
				BUNDLE_LOADER = "$(TEST_HOST)";
				CODE_SIGN_STYLE = Automatic;
				CURRENT_PROJECT_VERSION = 1;
				GENERATE_INFOPLIST_FILE = YES;
				IPHONEOS_DEPLOYMENT_TARGET = 17.0;
				MARKETING_VERSION = 1.0;
				PRODUCT_BUNDLE_IDENTIFIER = "MignonWorks.BolterGeist-v0-4Tests";
				PRODUCT_NAME = "$(TARGET_NAME)";
				SWIFT_EMIT_LOC_STRINGS = NO;
				SWIFT_VERSION = 5.0;
				TARGETED_DEVICE_FAMILY = "1,2";
				TEST_HOST = "$(BUILT_PRODUCTS_DIR)/BolterGeist v0.4.app/$(BUNDLE_EXECUTABLE_FOLDER_PATH)/BolterGeist v0.4";
			};
			name = Release;
		};
		3D44F30E2B39B6DD00714341 /* Debug */ = {
			isa = XCBuildConfiguration;
			buildSettings = {
				CODE_SIGN_STYLE = Automatic;
				CURRENT_PROJECT_VERSION = 1;
				GENERATE_INFOPLIST_FILE = YES;
				MARKETING_VERSION = 1.0;
				PRODUCT_BUNDLE_IDENTIFIER = "MignonWorks.BolterGeist-v0-4UITests";
				PRODUCT_NAME = "$(TARGET_NAME)";
				SWIFT_EMIT_LOC_STRINGS = NO;
				SWIFT_VERSION = 5.0;
				TARGETED_DEVICE_FAMILY = "1,2";
				TEST_TARGET_NAME = "BolterGeist v0.4";
			};
			name = Debug;
		};
		3D44F30F2B39B6DD00714341 /* Release */ = {
			isa = XCBuildConfiguration;
			buildSettings = {
				CODE_SIGN_STYLE = Automatic;
				CURRENT_PROJECT_VERSION = 1;
				GENERATE_INFOPLIST_FILE = YES;
				MARKETING_VERSION = 1.0;
				PRODUCT_BUNDLE_IDENTIFIER = "MignonWorks.BolterGeist-v0-4UITests";
				PRODUCT_NAME = "$(TARGET_NAME)";
				SWIFT_EMIT_LOC_STRINGS = NO;
				SWIFT_VERSION = 5.0;
				TARGETED_DEVICE_FAMILY = "1,2";
				TEST_TARGET_NAME = "BolterGeist v0.4";
			};
			name = Release;
		};
/* End XCBuildConfiguration section */

/* Begin XCConfigurationList section */
		3D44F2DE2B39B6DB00714341 /* Build configuration list for PBXProject "BolterGeist v0.4" */ = {
			isa = XCConfigurationList;
			buildConfigurations = (
				3D44F3052B39B6DD00714341 /* Debug */,
				3D44F3062B39B6DD00714341 /* Release */,
			);
			defaultConfigurationIsVisible = 0;
			defaultConfigurationName = Release;
		};
		3D44F3072B39B6DD00714341 /* Build configuration list for PBXNativeTarget "BolterGeist v0.4" */ = {
			isa = XCConfigurationList;
			buildConfigurations = (
				3D44F3082B39B6DD00714341 /* Debug */,
				3D44F3092B39B6DD00714341 /* Release */,
			);
			defaultConfigurationIsVisible = 0;
			defaultConfigurationName = Release;
		};
		3D44F30A2B39B6DD00714341 /* Build configuration list for PBXNativeTarget "BolterGeist v0.4Tests" */ = {
			isa = XCConfigurationList;
			buildConfigurations = (
				3D44F30B2B39B6DD00714341 /* Debug */,
				3D44F30C2B39B6DD00714341 /* Release */,
			);
			defaultConfigurationIsVisible = 0;
			defaultConfigurationName = Release;
		};
		3D44F30D2B39B6DD00714341 /* Build configuration list for PBXNativeTarget "BolterGeist v0.4UITests" */ = {
			isa = XCConfigurationList;
			buildConfigurations = (
				3D44F30E2B39B6DD00714341 /* Debug */,
				3D44F30F2B39B6DD00714341 /* Release */,
			);
			defaultConfigurationIsVisible = 0;
			defaultConfigurationName = Release;
		};
/* End XCConfigurationList section */
	};
	rootObject = 3D44F2DB2B39B6DB00714341 /* Project object */;
}
